# This file is automatically @generated by Cargo.
# It is not intended for manual editing.
version = 4

[[package]]
name = "omvcs-c"
version = "0.0.0"
dependencies = [
 "omvcs-core",
]

[[package]]
name = "omvcs-cli"
version = "0.0.0"
dependencies = [
 "omvcs-core",
]

[[package]]
name = "omvcs-core"
version = "0.0.0"
dependencies = [
 "omvcs-model",
]

[[package]]
name = "omvcs-daw-contract"
version = "0.0.0"
dependencies = [
 "omvcs-model",
]

[[package]]
name = "omvcs-model"
version = "0.0.0"

[[package]]
name = "omvcs-storage"
version = "0.0.0"
dependencies = [
 "omvcs-model",
]

[[package]]
name = "omvcs-storage-local"
version = "0.0.0"
dependencies = [
 "omvcs-storage",
]

[[package]]
name = "omvcs-storage-mock"
version = "0.0.0"
dependencies = [
 "omvcs-storage",
]

[[package]]
name = "omvcs-test-support"
version = "0.0.0"
